github.com/davecgh/go-spew v1.1.1 h1:vj9j/u1bqnvCEfJOwUhtlOARqs3+rkHYY13jYWTU97c=
github.com/davecgh/go-spew v1.1.1/go.mod h1:J7Y8YcW2NihsgmVo/mv3lAwl/skON4iLHjSsI+c5H38=
github.com/edsrzf/mmap-go v1.1.0 h1:6EUwBLQ/Mcr1EYLE4Tn1VdW1A4ckqCQWZBw8Hr0kjpQ=
github.com/edsrzf/mmap-go v1.1.0/go.mod h1:19H/e8pUPLicwkyNgOykDXkJ9F0MHE+Z52B8EIth78Q=
github.com/pkg/errors v0.9.1 h1:FEBLx1zS214owpjy7qsBeixbURkuhQAwrK5UwLGTwt4=
github.com/pkg/errors v0.9.1/go.mod h1:bwawxfHBFNV+L2hUp1rHADufV3IMtnDRdf1r5NINEl0=
github.com/pmezard/go-difflib v1.0.0 h1:4DBwDE0NGyQoBHbLQYPwSUPoCMWR5BEzIk/f1lZbAQM=
github.com/pmezard/go-difflib v1.0.0/go.mod h1:iKH77koFhYxTK1pcRnkKkqfTogsbg7gZNVY4sRDYZ/4=
github.com/stretchr/testify v1.8.4 h1:CcVxjf3Q8PM0mHUKJCdn+eZZtm5yQwehR5yeSVQQcUk=
github.com/stretchr/testify v1.8.4/go.mod h1:sz/lmYIOXD/1dqDmKjjqLyZ2RngseejIcXlSw2iwfAo=
github.com/vahagz/disk-allocator/heap v0.0.0-20240123101011-e2cffd0e0e6f h1:qFc4JupA5aGVy2hUPSlnP7LMxz3rQwphWs+KOHXdpGM=
github.com/vahagz/disk-allocator/heap v0.0.0-20240123101011-e2cffd0e0e6f/go.mod h1:7SYID+LV1Cr8LbvPrZeKBkfUJ5JzrTrYYeKoeZRuBGk=
github.com/vahagz/pager v0.0.2-0.20240122134012-0f17af58b631 h1:jhaslcweZgv+wTR+2XqjdcgvhlGIpIoez3vpUzba3gg=
github.com/vahagz/pager v0.0.2-0.20240122134012-0f17af58b631/go.mod h1:46G/eN1+gw4I5FgyY2sIFDgAJuQvwNADs49wTKqfyOk=
github.com/vahagz/rbtree v0.0.2-0.20240123100955-8e488cf14cf5 h1:HzHYoR8PDgHdsxEQ4C8GKjkMcepMW5x5jgHGC7HsSws=
github.com/vahagz/rbtree v0.0.2-0.20240123100955-8e488cf14cf5/go.mod h1:+vLQ7ecxFhcZWnGoscis+9Nla+wgGV1GJHAebsqFG04=
golang.org/x/sys v0.16.0 h1:xWw16ngr6ZMtmxDyKyIgsE93KNKz5HKmMa3b8ALHidU=
golang.org/x/sys v0.16.0/go.mod h1:/VUhepiaJMQUp4+oa/7Zr1D23ma6VTLIYjOOTFZPUcA=
gopkg.in/check.v1 v0.0.0-20161208181325-20d25e280405 h1:yhCVgyC4o1eVCa2tZl7eS0r+SDo693bJlVdllGtEeKM=
gopkg.in/check.v1 v0.0.0-20161208181325-20d25e280405/go.mod h1:Co6ibVJAznAaIkqp8huTwlJQCZ016jof/cbN4VW5Yz0=
gopkg.in/yaml.v3 v3.0.1 h1:fxVm/GzAzEWqLHuvctI91KS9hhNmmWOoWu0XTYJS7CA=
gopkg.in/yaml.v3 v3.0.1/go.mod h1:K4uyk7z7BCEPqu6E+C64Yfv1cQ7kz7rIZviUmN+EgEM=
